{
  "lockfileVersion": 1,
  "configVersion": 1,
  "workspaces": {
    "": {
      "dependencies": {
        "aicommits": "^3.4.0",
        "aider": "^1.0.1",
      },
    },
  },
  "packages": {
    "@babel/runtime-corejs2": ["@babel/runtime-corejs2@7.29.7", "", { "dependencies": { "core-js": "^2.6.12" } }, "sha512-5GidEBf/rOQlv4sUknPRgboZEvzt/je7CpbkCZ2o7ojs9JbldxdXJinGLYE0sYR9mfPpRz3Q3D7rP+oSCal70g=="],

    "aicommits": ["aicommits@3.4.0", "", { "bin": { "aicommits": "dist/cli.mjs", "aic": "dist/cli.mjs" } }, "sha512-VoDNMFFlwDkkoMDDDX+ea1Uj6g9Qe7LnhbEwu9udu27wTcTu95WsNR77G2UFClh9K7rM44irBve1qRTyhEfmmQ=="],

    "aider": ["aider@1.0.1", "", { "dependencies": { "@babel/runtime-corejs2": "^7.1.5" } }, "sha512-7vy6QpdsRGugu8pCgiEswWKBWUyPp+ynR29u81J46CXtWysNeAl1/3VkB3bdmhCLDOhORvwgYhWV0V0OsH0oyA=="],

    "core-js": ["core-js@2.6.12", "", {}, "sha512-Kb2wC0fvsWfQrgk8HU5lW6U/Lcs8+9aaYcy4ZFc6DDlo4nZ7n70dEgE5rtR0oG6ufKDUnrwfWL1mXR5ljDatrQ=="],
  }
}
